// !$*UTF8*$!
{
	archiveVersion = 1;
	classes = {
	};
	objectVersion = 50;
	objects = {

/* Begin PBXBuildFile section */
		18FDBA9222C1141300C2036A /* AppDelegate.swift in Sources */ = {isa = PBXBuildFile; fileRef = 18FDBA9122C1141300C2036A /* AppDelegate.swift */; };
		18FDBA9422C1141300C2036A /* ViewController.swift in Sources */ = {isa = PBXBuildFile; fileRef = 18FDBA9322C1141300C2036A /* ViewController.swift */; };
		18FDBA9722C1141300C2036A /* Main.storyboard in Resources */ = {isa = PBXBuildFile; fileRef = 18FDBA9522C1141300C2036A /* Main.storyboard */; };
		18FDBA9922C1141400C2036A /* Assets.xcassets in Resources */ = {isa = PBXBuildFile; fileRef = 18FDBA9822C1141400C2036A /* Assets.xcassets */; };
		18FDBA9C22C1141400C2036A /* LaunchScreen.storyboard in Resources */ = {isa = PBXBuildFile; fileRef = 18FDBA9A22C1141400C2036A /* LaunchScreen.storyboard */; };
		18FDBAA722C1141400C2036A /* cameraPractice1Tests.swift in Sources */ = {isa = PBXBuildFile; fileRef = 18FDBAA622C1141400C2036A /* cameraPractice1Tests.swift */; };
		18FDBAB222C1141400C2036A /* cameraPractice1UITests.swift in Sources */ = {isa = PBXBuildFile; fileRef = 18FDBAB122C1141400C2036A /* cameraPractice1UITests.swift */; };
/* End PBXBuildFile section */

/* Begin PBXContainerItemProxy section */
		18FDBAA322C1141400C2036A /* PBXContainerItemProxy */ = {
			isa = PBXContainerItemProxy;
			containerPortal = 18FDBA8622C1141300C2036A /* Project object */;
			proxyType = 1;
			remoteGlobalIDString = 18FDBA8D22C1141300C2036A;
			remoteInfo = cameraPractice1;
		};
		18FDBAAE22C1141400C2036A /* PBXContainerItemProxy */ = {
			isa = PBXContainerItemProxy;
			containerPortal = 18FDBA8622C1141300C2036A /* Project object */;
			proxyType = 1;
			remoteGlobalIDString = 18FDBA8D22C1141300C2036A;
			remoteInfo = cameraPractice1;
		};
/* End PBXContainerItemProxy section */

/* Begin PBXFileReference section */
		18FDBA8E22C1141300C2036A /* cameraPractice1.app */ = {isa = PBXFileReference; explicitFileType = wrapper.application; includeInIndex = 0; path = cameraPractice1.app; sourceTree = BUILT_PRODUCTS_DIR; };
		18FDBA9122C1141300C2036A /* AppDelegate.swift */ = {isa = PBXFileReference; lastKnownFileType = sourcecode.swift; path = AppDelegate.swift; sourceTree = "<group>"; };
		18FDBA9322C1141300C2036A /* ViewController.swift */ = {isa = PBXFileReference; lastKnownFileType = sourcecode.swift; path = ViewController.swift; sourceTree = "<group>"; };
		18FDBA9622C1141300C2036A /* Base */ = {isa = PBXFileReference; lastKnownFileType = file.storyboard; name = Base; path = Base.lproj/Main.storyboard; sourceTree = "<group>"; };
		18FDBA9822C1141400C2036A /* Assets.xcassets */ = {isa = PBXFileReference; lastKnownFileType = folder.assetcatalog; path = Assets.xcassets; sourceTree = "<group>"; };
		18FDBA9B22C1141400C2036A /* Base */ = {isa = PBXFileReference; lastKnownFileType = file.storyboard; name = Base; path = Base.lproj/LaunchScreen.storyboard; sourceTree = "<group>"; };
		18FDBA9D22C1141400C2036A /* Info.plist */ = {isa = PBXFileReference; lastKnownFileType = text.plist.xml; path = Info.plist; sourceTree = "<group>"; };
		18FDBAA222C1141400C2036A /* cameraPractice1Tests.xctest */ = {isa = PBXFileReference; explicitFileType = wrapper.cfbundle; includeInIndex = 0; path = cameraPractice1Tests.xctest; sourceTree = BUILT_PRODUCTS_DIR; };
		18FDBAA622C1141400C2036A /* cameraPractice1Tests.swift */ = {isa = PBXFileReference; lastKnownFileType = sourcecode.swift; path = cameraPractice1Tests.swift; sourceTree = "<group>"; };
		18FDBAA822C1141400C2036A /* Info.plist */ = {isa = PBXFileReference; lastKnownFileType = text.plist.xml; path = Info.plist; sourceTree = "<group>"; };
		18FDBAAD22C1141400C2036A /* cameraPractice1UITests.xctest */ = {isa = PBXFileReference; explicitFileType = wrapper.cfbundle; includeInIndex = 0; path = cameraPractice1UITests.xctest; sourceTree = BUILT_PRODUCTS_DIR; };
		18FDBAB122C1141400C2036A /* cameraPractice1UITests.swift */ = {isa = PBXFileReference; lastKnownFileType = sourcecode.swift; path = cameraPractice1UITests.swift; sourceTree = "<group>"; };
		18FDBAB322C1141400C2036A /* Info.plist */ = {isa = PBXFileReference; lastKnownFileType = text.plist.xml; path = Info.plist; sourceTree = "<group>"; };
/* End PBXFileReference section */

/* Begin PBXFrameworksBuildPhase section */
		18FDBA8B22C1141300C2036A /* Frameworks */ = {
			isa = PBXFrameworksBuildPhase;
			buildActionMask = 2147483647;
			files = (
			);
			runOnlyForDeploymentPostprocessing = 0;
		};
		18FDBA9F22C1141400C2036A /* Frameworks */ = {
			isa = PBXFrameworksBuildPhase;
			buildActionMask = 2147483647;
			files = (
			);
			runOnlyForDeploymentPostprocessing = 0;
		};
		18FDBAAA22C1141400C2036A /* Frameworks */ = {
			isa = PBXFrameworksBuildPhase;
			buildActionMask = 2147483647;
			files = (
			);
			runOnlyForDeploymentPostprocessing = 0;
		};
/* End PBXFrameworksBuildPhase section */

/* Begin PBXGroup section */
		18FDBA8522C1141300C2036A = {
			isa = PBXGroup;
			children = (
				18FDBA9022C1141300C2036A /* cameraPractice1 */,
				18FDBAA522C1141400C2036A /* cameraPractice1Tests */,
				18FDBAB022C1141400C2036A /* cameraPractice1UITests */,
				18FDBA8F22C1141300C2036A /* Products */,
			);
			sourceTree = "<group>";
		};
		18FDBA8F22C1141300C2036A /* Products */ = {
			isa = PBXGroup;
			children = (
				18FDBA8E22C1141300C2036A /* cameraPractice1.app */,
				18FDBAA222C1141400C2036A /* cameraPractice1Tests.xctest */,
				18FDBAAD22C1141400C2036A /* cameraPractice1UITests.xctest */,
			);
			name = Products;
			sourceTree = "<group>";
		};
		18FDBA9022C1141300C2036A /* cameraPractice1 */ = {
			isa = PBXGroup;
			children = (
				18FDBA9122C1141300C2036A /* AppDelegate.swift */,
				18FDBA9322C1141300C2036A /* ViewController.swift */,
				18FDBA9522C1141300C2036A /* Main.storyboard */,
				18FDBA9822C1141400C2036A /* Assets.xcassets */,
				18FDBA9A22C1141400C2036A /* LaunchScreen.storyboard */,
				18FDBA9D22C1141400C2036A /* Info.plist */,
			);
			path = cameraPractice1;
			sourceTree = "<group>";
		};
		18FDBAA522C1141400C2036A /* cameraPractice1Tests */ = {
			isa = PBXGroup;
			children = (
				18FDBAA622C1141400C2036A /* cameraPractice1Tests.swift */,
				18FDBAA822C1141400C2036A /* Info.plist */,
			);
			path = cameraPractice1Tests;
			sourceTree = "<group>";
		};
		18FDBAB022C1141400C2036A /* cameraPractice1UITests */ = {
			isa = PBXGroup;
			children = (
				18FDBAB122C1141400C2036A /* cameraPractice1UITests.swift */,
				18FDBAB322C1141400C2036A /* Info.plist */,
			);
			path = cameraPractice1UITests;
			sourceTree = "<group>";
		};
/* End PBXGroup section */

/* Begin PBXNativeTarget section */
		18FDBA8D22C1141300C2036A /* cameraPractice1 */ = {
			isa = PBXNativeTarget;
			buildConfigurationList = 18FDBAB622C1141400C2036A /* Build configuration list for PBXNativeTarget "cameraPractice1" */;
			buildPhases = (
				18FDBA8A22C1141300C2036A /* Sources */,
				18FDBA8B22C1141300C2036A /* Frameworks */,
				18FDBA8C22C1141300C2036A /* Resources */,
			);
			buildRules = (
			);
			dependencies = (
			);
			name = cameraPractice1;
			productName = cameraPractice1;
			productReference = 18FDBA8E22C1141300C2036A /* cameraPractice1.app */;
			productType = "com.apple.product-type.application";
		};
		18FDBAA122C1141400C2036A /* cameraPractice1Tests */ = {
			isa = PBXNativeTarget;
			buildConfigurationList = 18FDBAB922C1141400C2036A /* Build configuration list for PBXNativeTarget "cameraPractice1Tests" */;
			buildPhases = (
				18FDBA9E22C1141400C2036A /* Sources */,
				18FDBA9F22C1141400C2036A /* Frameworks */,
				18FDBAA022C1141400C2036A /* Resources */,
			);
			buildRules = (
			);
			dependencies = (
				18FDBAA422C1141400C2036A /* PBXTargetDependency */,
			);
			name = cameraPractice1Tests;
			productName = cameraPractice1Tests;
			productReference = 18FDBAA222C1141400C2036A /* cameraPractice1Tests.xctest */;
			productType = "com.apple.product-type.bundle.unit-test";
		};
		18FDBAAC22C1141400C2036A /* cameraPractice1UITests */ = {
			isa = PBXNativeTarget;
			buildConfigurationList = 18FDBABC22C1141400C2036A /* Build configuration list for PBXNativeTarget "cameraPractice1UITests" */;
			buildPhases = (
				18FDBAA922C1141400C2036A /* Sources */,
				18FDBAAA22C1141400C2036A /* Frameworks */,
				18FDBAAB22C1141400C2036A /* Resources */,
			);
			buildRules = (
			);
			dependencies = (
				18FDBAAF22C1141400C2036A /* PBXTargetDependency */,
			);
			name = cameraPractice1UITests;
			productName = cameraPractice1UITests;
			productReference = 18FDBAAD22C1141400C2036A /* cameraPractice1UITests.xctest */;
			productType = "com.apple.product-type.bundle.ui-testing";
		};
/* End PBXNativeTarget section */

/* Begin PBXProject section */
		18FDBA8622C1141300C2036A /* Project object */ = {
			isa = PBXProject;
			attributes = {
				LastSwiftUpdateCheck = 1020;
				LastUpgradeCheck = 1020;
				ORGANIZATIONNAME = Apple;
				TargetAttributes = {
					18FDBA8D22C1141300C2036A = {
						CreatedOnToolsVersion = 10.2.1;
					};
					18FDBAA122C1141400C2036A = {
						CreatedOnToolsVersion = 10.2.1;
						TestTargetID = 18FDBA8D22C1141300C2036A;
					};
					18FDBAAC22C1141400C2036A = {
						CreatedOnToolsVersion = 10.2.1;
						TestTargetID = 18FDBA8D22C1141300C2036A;
					};
				};
			};
			buildConfigurationList = 18FDBA8922C1141300C2036A /* Build configuration list for PBXProject "cameraPractice1" */;
			compatibilityVersion = "Xcode 9.3";
			developmentRegion = en;
			hasScannedForEncodings = 0;
			knownRegions = (
				en,
				Base,
			);
			mainGroup = 18FDBA8522C1141300C2036A;
			productRefGroup = 18FDBA8F22C1141300C2036A /* Products */;
			projectDirPath = "";
			projectRoot = "";
			targets = (
				18FDBA8D22C1141300C2036A /* cameraPractice1 */,
				18FDBAA122C1141400C2036A /* cameraPractice1Tests */,
				18FDBAAC22C1141400C2036A /* cameraPractice1UITests */,
			);
		};
/* End PBXProject section */

/* Begin PBXResourcesBuildPhase section */
		18FDBA8C22C1141300C2036A /* Resources */ = {
			isa = PBXResourcesBuildPhase;
			buildActionMask = 2147483647;
			files = (
				18FDBA9C22C1141400C2036A /* LaunchScreen.storyboard in Resources */,
				18FDBA9922C1141400C2036A /* Assets.xcassets in Resources */,
				18FDBA9722C1141300C2036A /* Main.storyboard in Resources */,
			);
			runOnlyForDeploymentPostprocessing = 0;
		};
		18FDBAA022C1141400C2036A /* Resources */ = {
			isa = PBXResourcesBuildPhase;
			buildActionMask = 2147483647;
			files = (
			);
			runOnlyForDeploymentPostprocessing = 0;
		};
		18FDBAAB22C1141400C2036A /* Resources */ = {
			isa = PBXResourcesBuildPhase;
			buildActionMask = 2147483647;
			files = (
			);
			runOnlyForDeploymentPostprocessing = 0;
		};
/* End PBXResourcesBuildPhase section */

/* Begin PBXSourcesBuildPhase section */
		18FDBA8A22C1141300C2036A /* Sources */ = {
			isa = PBXSourcesBuildPhase;
			buildActionMask = 2147483647;
			files = (
				18FDBA9422C1141300C2036A /* ViewController.swift in Sources */,
				18FDBA9222C1141300C2036A /* AppDelegate.swift in Sources */,
			);
			runOnlyForDeploymentPostprocessing = 0;
		};
		18FDBA9E22C1141400C2036A /* Sources */ = {
			isa = PBXSourcesBuildPhase;
			buildActionMask = 2147483647;
			files = (
				18FDBAA722C1141400C2036A /* cameraPractice1Tests.swift in Sources */,
			);
			runOnlyForDeploymentPostprocessing = 0;
		};
		18FDBAA922C1141400C2036A /* Sources */ = {
			isa = PBXSourcesBuildPhase;
			buildActionMask = 2147483647;
			files = (
				18FDBAB222C1141400C2036A /* cameraPractice1UITests.swift in Sources */,
			);
			runOnlyForDeploymentPostprocessing = 0;
		};
/* End PBXSourcesBuildPhase section */

/* Begin PBXTargetDependency section */
		18FDBAA422C1141400C2036A /* PBXTargetDependency */ = {
			isa = PBXTargetDependency;
			target = 18FDBA8D22C1141300C2036A /* cameraPractice1 */;
			targetProxy = 18FDBAA322C1141400C2036A /* PBXContainerItemProxy */;
		};
		18FDBAAF22C1141400C2036A /* PBXTargetDependency */ = {
			isa = PBXTargetDependency;
			target = 18FDBA8D22C1141300C2036A /* cameraPractice1 */;
			targetProxy = 18FDBAAE22C1141400C2036A /* PBXContainerItemProxy */;
		};
/* End PBXTargetDependency section */

/* Begin PBXVariantGroup section */
		18FDBA9522C1141300C2036A /* Main.storyboard */ = {
			isa = PBXVariantGroup;
			children = (
				18FDBA9622C1141300C2036A /* Base */,
			);
			name = Main.storyboard;
			sourceTree = "<group>";
		};
		18FDBA9A22C1141400C2036A /* LaunchScreen.storyboard */ = {
			isa = PBXVariantGroup;
			children = (
				18FDBA9B22C1141400C2036A /* Base */,
			);
			name = LaunchScreen.storyboard;
			sourceTree = "<group>";
		};
/* End PBXVariantGroup section */

/* Begin XCBuildConfiguration section */
		18FDBAB422C1141400C2036A /* Debug */ = {
			isa = XCBuildConfiguration;
			buildSettings = {
				ALWAYS_SEARCH_USER_PATHS = NO;
				CLANG_ANALYZER_NONNULL = YES;
				CLANG_ANALYZER_NUMBER_OBJECT_CONVERSION = YES_AGGRESSIVE;
				CLANG_CXX_LANGUAGE_STANDARD = "gnu++14";
				CLANG_CXX_LIBRARY = "libc++";
				CLANG_ENABLE_MODULES = YES;
				CLANG_ENABLE_OBJC_ARC = YES;
				CLANG_ENABLE_OBJC_WEAK = YES;
				CLANG_WARN_BLOCK_CAPTURE_AUTORELEASING = YES;
				CLANG_WARN_BOOL_CONVERSION = YES;
				CLANG_WARN_COMMA = YES;
				CLANG_WARN_CONSTANT_CONVERSION = YES;
				CLANG_WARN_DEPRECATED_OBJC_IMPLEMENTATIONS = YES;
				CLANG_WARN_DIRECT_OBJC_ISA_USAGE = YES_ERROR;
				CLANG_WARN_DOCUMENTATION_COMMENTS = YES;
				CLANG_WARN_EMPTY_BODY = YES;
				CLANG_WARN_ENUM_CONVERSION = YES;
				CLANG_WARN_INFINITE_RECURSION = YES;
				CLANG_WARN_INT_CONVERSION = YES;
				CLANG_WARN_NON_LITERAL_NULL_CONVERSION = YES;
				CLANG_WARN_OBJC_IMPLICIT_RETAIN_SELF = YES;
				CLANG_WARN_OBJC_LITERAL_CONVERSION = YES;
				CLANG_WARN_OBJC_ROOT_CLASS = YES_ERROR;
				CLANG_WARN_RANGE_LOOP_ANALYSIS = YES;
				CLANG_WARN_STRICT_PROTOTYPES = YES;
				CLANG_WARN_SUSPICIOUS_MOVE = YES;
				CLANG_WARN_UNGUARDED_AVAILABILITY = YES_AGGRESSIVE;
				CLANG_WARN_UNREACHABLE_CODE = YES;
				CLANG_WARN__DUPLICATE_METHOD_MATCH = YES;
				CODE_SIGN_IDENTITY = "iPhone Developer";
				COPY_PHASE_STRIP = NO;
				DEBUG_INFORMATION_FORMAT = dwarf;
				ENABLE_STRICT_OBJC_MSGSEND = YES;
				ENABLE_TESTABILITY = YES;
				GCC_C_LANGUAGE_STANDARD = gnu11;
				GCC_DYNAMIC_NO_PIC = NO;
				GCC_NO_COMMON_BLOCKS = YES;
				GCC_OPTIMIZATION_LEVEL = 0;
				GCC_PREPROCESSOR_DEFINITIONS = (
					"DEBUG=1",
					"$(inherited)",
				);
				GCC_WARN_64_TO_32_BIT_CONVERSION = YES;
				GCC_WARN_ABOUT_RETURN_TYPE = YES_ERROR;
				GCC_WARN_UNDECLARED_SELECTOR = YES;
				GCC_WARN_UNINITIALIZED_AUTOS = YES_AGGRESSIVE;
				GCC_WARN_UNUSED_FUNCTION = YES;
				GCC_WARN_UNUSED_VARIABLE = YES;
				IPHONEOS_DEPLOYMENT_TARGET = 12.2;
				MTL_ENABLE_DEBUG_INFO = INCLUDE_SOURCE;
				MTL_FAST_MATH = YES;
				ONLY_ACTIVE_ARCH = YES;
				SDKROOT = iphoneos;
				SWIFT_ACTIVE_COMPILATION_CONDITIONS = DEBUG;
				SWIFT_OPTIMIZATION_LEVEL = "-Onone";
			};
			name = Debug;
		};
		18FDBAB522C1141400C2036A /* Release */ = {
			isa = XCBuildConfiguration;
			buildSettings = {
				ALWAYS_SEARCH_USER_PATHS = NO;
				CLANG_ANALYZER_NONNULL = YES;
				CLANG_ANALYZER_NUMBER_OBJECT_CONVERSION = YES_AGGRESSIVE;
				CLANG_CXX_LANGUAGE_STANDARD = "gnu++14";
				CLANG_CXX_LIBRARY = "libc++";
				CLANG_ENABLE_MODULES = YES;
				CLANG_ENABLE_OBJC_ARC = YES;
				CLANG_ENABLE_OBJC_WEAK = YES;
				CLANG_WARN_BLOCK_CAPTURE_AUTORELEASING = YES;
				CLANG_WARN_BOOL_CONVERSION = YES;
				CLANG_WARN_COMMA = YES;
				CLANG_WARN_CONSTANT_CONVERSION = YES;
				CLANG_WARN_DEPRECATED_OBJC_IMPLEMENTATIONS = YES;
				CLANG_WARN_DIRECT_OBJC_ISA_USAGE = YES_ERROR;
				CLANG_WARN_DOCUMENTATION_COMMENTS = YES;
				CLANG_WARN_EMPTY_BODY = YES;
				CLANG_WARN_ENUM_CONVERSION = YES;
				CLANG_WARN_INFINITE_RECURSION = YES;
				CLANG_WARN_INT_CONVERSION = YES;
				CLANG_WARN_NON_LITERAL_NULL_CONVERSION = YES;
				CLANG_WARN_OBJC_IMPLICIT_RETAIN_SELF = YES;
				CLANG_WARN_OBJC_LITERAL_CONVERSION = YES;
				CLANG_WARN_OBJC_ROOT_CLASS = YES_ERROR;
				CLANG_WARN_RANGE_LOOP_ANALYSIS = YES;
				CLANG_WARN_STRICT_PROTOTYPES = YES;
				CLANG_WARN_SUSPICIOUS_MOVE = YES;
				CLANG_WARN_UNGUARDED_AVAILABILITY = YES_AGGRESSIVE;
				CLANG_WARN_UNREACHABLE_CODE = YES;
				CLANG_WARN__DUPLICATE_METHOD_MATCH = YES;
				CODE_SIGN_IDENTITY = "iPhone Developer";
				COPY_PHASE_STRIP = NO;
				DEBUG_INFORMATION_FORMAT = "dwarf-with-dsym";
				ENABLE_NS_ASSERTIONS = NO;
				ENABLE_STRICT_OBJC_MSGSEND = YES;
				GCC_C_LANGUAGE_STANDARD = gnu11;
				GCC_NO_COMMON_BLOCKS = YES;
				GCC_WARN_64_TO_32_BIT_CONVERSION = YES;
				GCC_WARN_ABOUT_RETURN_TYPE = YES_ERROR;
				GCC_WARN_UNDECLARED_SELECTOR = YES;
				GCC_WARN_UNINITIALIZED_AUTOS = YES_AGGRESSIVE;
				GCC_WARN_UNUSED_FUNCTION = YES;
				GCC_WARN_UNUSED_VARIABLE = YES;
				IPHONEOS_DEPLOYMENT_TARGET = 12.2;
				MTL_ENABLE_DEBUG_INFO = NO;
				MTL_FAST_MATH = YES;
				SDKROOT = iphoneos;
				SWIFT_COMPILATION_MODE = wholemodule;
				SWIFT_OPTIMIZATION_LEVEL = "-O";
				VALIDATE_PRODUCT = YES;
			};
			name = Release;
		};
		18FDBAB722C1141400C2036A /* Debug */ = {
			isa = XCBuildConfiguration;
			buildSettings = {
				ASSETCATALOG_COMPILER_APPICON_NAME = AppIcon;
				CODE_SIGN_STYLE = Automatic;
				INFOPLIST_FILE = cameraPractice1/Info.plist;
				LD_RUNPATH_SEARCH_PATHS = (
					"$(inherited)",
					"@executable_path/Frameworks",
				);
				PRODUCT_BUNDLE_IDENTIFIER = kwk.cameraPractice1;
				PRODUCT_NAME = "$(TARGET_NAME)";
				SWIFT_VERSION = 5.0;
				TARGETED_DEVICE_FAMILY = "1,2";
			};
			name = Debug;
		};
		18FDBAB822C1141400C2036A /* Release */ = {
			isa = XCBuildConfiguration;
			buildSettings = {
				ASSETCATALOG_COMPILER_APPICON_NAME = AppIcon;
				CODE_SIGN_STYLE = Automatic;
				INFOPLIST_FILE = cameraPractice1/Info.plist;
				LD_RUNPATH_SEARCH_PATHS = (
					"$(inherited)",
					"@executable_path/Frameworks",
				);
				PRODUCT_BUNDLE_IDENTIFIER = kwk.cameraPractice1;
				PRODUCT_NAME = "$(TARGET_NAME)";
				SWIFT_VERSION = 5.0;
				TARGETED_DEVICE_FAMILY = "1,2";
			};
			name = Release;
		};
		18FDBABA22C1141400C2036A /* Debug */ = {
			isa = XCBuildConfiguration;
			buildSettings = {
				ALWAYS_EMBED_SWIFT_STANDARD_LIBRARIES = YES;
				BUNDLE_LOADER = "$(TEST_HOST)";
				CODE_SIGN_STYLE = Automatic;
				INFOPLIST_FILE = cameraPractice1Tests/Info.plist;
				LD_RUNPATH_SEARCH_PATHS = (
					"$(inherited)",
					"@executable_path/Frameworks",
					"@loader_path/Frameworks",
				);
				PRODUCT_BUNDLE_IDENTIFIER = kwk.cameraPractice1Tests;
				PRODUCT_NAME = "$(TARGET_NAME)";
				SWIFT_VERSION = 5.0;
				TARGETED_DEVICE_FAMILY = "1,2";
				TEST_HOST = "$(BUILT_PRODUCTS_DIR)/cameraPractice1.app/cameraPractice1";
			};
			name = Debug;
		};
		18FDBABB22C1141400C2036A /* Release */ = {
			isa = XCBuildConfiguration;
			buildSettings = {
				ALWAYS_EMBED_SWIFT_STANDARD_LIBRARIES = YES;
				BUNDLE_LOADER = "$(TEST_HOST)";
				CODE_SIGN_STYLE = Automatic;
				INFOPLIST_FILE = cameraPractice1Tests/Info.plist;
				LD_RUNPATH_SEARCH_PATHS = (
					"$(inherited)",
					"@executable_path/Frameworks",
					"@loader_path/Frameworks",
				);
				PRODUCT_BUNDLE_IDENTIFIER = kwk.cameraPractice1Tests;
				PRODUCT_NAME = "$(TARGET_NAME)";
				SWIFT_VERSION = 5.0;
				TARGETED_DEVICE_FAMILY = "1,2";
				TEST_HOST = "$(BUILT_PRODUCTS_DIR)/cameraPractice1.app/cameraPractice1";
			};
			name = Release;
		};
		18FDBABD22C1141400C2036A /* Debug */ = {
			isa = XCBuildConfiguration;
			buildSettings = {
				ALWAYS_EMBED_SWIFT_STANDARD_LIBRARIES = YES;
				CODE_SIGN_STYLE = Automatic;
				INFOPLIST_FILE = cameraPractice1UITests/Info.plist;
				LD_RUNPATH_SEARCH_PATHS = (
					"$(inherited)",
					"@executable_path/Frameworks",
					"@loader_path/Frameworks",
				);
				PRODUCT_BUNDLE_IDENTIFIER = kwk.cameraPractice1UITests;
				PRODUCT_NAME = "$(TARGET_NAME)";
				SWIFT_VERSION = 5.0;
				TARGETED_DEVICE_FAMILY = "1,2";
				TEST_TARGET_NAME = cameraPractice1;
			};
			name = Debug;
		};
		18FDBABE22C1141400C2036A /* Release */ = {
			isa = XCBuildConfiguration;
			buildSettings = {
				ALWAYS_EMBED_SWIFT_STANDARD_LIBRARIES = YES;
				CODE_SIGN_STYLE = Automatic;
				INFOPLIST_FILE = cameraPractice1UITests/Info.plist;
				LD_RUNPATH_SEARCH_PATHS = (
					"$(inherited)",
					"@executable_path/Frameworks",
					"@loader_path/Frameworks",
				);
				PRODUCT_BUNDLE_IDENTIFIER = kwk.cameraPractice1UITests;
				PRODUCT_NAME = "$(TARGET_NAME)";
				SWIFT_VERSION = 5.0;
				TARGETED_DEVICE_FAMILY = "1,2";
				TEST_TARGET_NAME = cameraPractice1;
			};
			name = Release;
		};
/* End XCBuildConfiguration section */

/* Begin XCConfigurationList section */
		18FDBA8922C1141300C2036A /* Build configuration list for PBXProject "cameraPractice1" */ = {
			isa = XCConfigurationList;
			buildConfigurations = (
				18FDBAB422C1141400C2036A /* Debug */,
				18FDBAB522C1141400C2036A /* Release */,
			);
			defaultConfigurationIsVisible = 0;
			defaultConfigurationName = Release;
		};
		18FDBAB622C1141400C2036A /* Build configuration list for PBXNativeTarget "cameraPractice1" */ = {
			isa = XCConfigurationList;
			buildConfigurations = (
				18FDBAB722C1141400C2036A /* Debug */,
				18FDBAB822C1141400C2036A /* Release */,
			);
			defaultConfigurationIsVisible = 0;
			defaultConfigurationName = Release;
		};
		18FDBAB922C1141400C2036A /* Build configuration list for PBXNativeTarget "cameraPractice1Tests" */ = {
			isa = XCConfigurationList;
			buildConfigurations = (
				18FDBABA22C1141400C2036A /* Debug */,
				18FDBABB22C1141400C2036A /* Release */,
			);
			defaultConfigurationIsVisible = 0;
			defaultConfigurationName = Release;
		};
		18FDBABC22C1141400C2036A /* Build configuration list for PBXNativeTarget "cameraPractice1UITests" */ = {
			isa = XCConfigurationList;
			buildConfigurations = (
				18FDBABD22C1141400C2036A /* Debug */,
				18FDBABE22C1141400C2036A /* Release */,
			);
			defaultConfigurationIsVisible = 0;
			defaultConfigurationName = Release;
		};
/* End XCConfigurationList section */
	};
	rootObject = 18FDBA8622C1141300C2036A /* Project object */;
}
